
Microsoft Visual Studio Solution File, Format Version 12.00
# Visual Studio 2013
VisualStudioVersion = 12.0.40629.0
MinimumVisualStudioVersion = 10.0.40219.1
Project("{FAE04EC0-301F-11D3-BF4B-00C04F79EFBC}") = "Logic", "Logic\Logic.csproj", "{252CAC01-D549-45FE-B2F5-4A02B8702C8F}"
EndProject
Project("{FAE04EC0-301F-11D3-BF4B-00C04F79EFBC}") = "WebApi2", "WebApi2\WebApi2.csproj", "{05A3F9BD-F42C-4548-8C53-81E8E4957390}"
EndProject
Global
	GlobalSection(SolutionConfigurationPlatforms) = preSolution
		Debug|Any CPU = Debug|Any CPU
		Release|Any CPU = Release|Any CPU
	EndGlobalSection
	GlobalSection(ProjectConfigurationPlatforms) = postSolution
		{252CAC01-D549-45FE-B2F5-4A02B8702C8F}.Debug|Any CPU.ActiveCfg = Debug|Any CPU
		{252CAC01-D549-45FE-B2F5-4A02B8702C8F}.Debug|Any CPU.Build.0 = Debug|Any CPU
		{252CAC01-D549-45FE-B2F5-4A02B8702C8F}.Release|Any CPU.ActiveCfg = Release|Any CPU
		{252CAC01-D549-45FE-B2F5-4A02B8702C8F}.Release|Any CPU.Build.0 = Release|Any CPU
		{05A3F9BD-F42C-4548-8C53-81E8E4957390}.Debug|Any CPU.ActiveCfg = Debug|Any CPU
		{05A3F9BD-F42C-4548-8C53-81E8E4957390}.Debug|Any CPU.Build.0 = Debug|Any CPU
		{05A3F9BD-F42C-4548-8C53-81E8E4957390}.Release|Any CPU.ActiveCfg = Release|Any CPU
		{05A3F9BD-F42C-4548-8C53-81E8E4957390}.Release|Any CPU.Build.0 = Release|Any CPU
	EndGlobalSection
	GlobalSection(SolutionProperties) = preSolution
		HideSolutionNode = FALSE
	EndGlobalSection
EndGlobal
